
Microsoft Visual Studio Solution File, Format Version 12.00
# Visual Studio Version 16
VisualStudioVersion = 16.0.33801.447
MinimumVisualStudioVersion = 10.0.40219.1
Project("{FAE04EC0-301F-11D3-BF4B-00C04F79EFBC}") = "finalTP4", "finalTP4\finalTP4.csproj", "{BB1598E6-0FF5-4878-9E9E-6A6D6EDD4ADC}"
EndProject
Global
	GlobalSection(SolutionConfigurationPlatforms) = preSolution
		Debug|Any CPU = Debug|Any CPU
		Release|Any CPU = Release|Any CPU
	EndGlobalSection
	GlobalSection(ProjectConfigurationPlatforms) = postSolution
		{BB1598E6-0FF5-4878-9E9E-6A6D6EDD4ADC}.Debug|Any CPU.ActiveCfg = Debug|Any CPU
		{BB1598E6-0FF5-4878-9E9E-6A6D6EDD4ADC}.Debug|Any CPU.Build.0 = Debug|Any CPU
		{BB1598E6-0FF5-4878-9E9E-6A6D6EDD4ADC}.Release|Any CPU.ActiveCfg = Release|Any CPU
		{BB1598E6-0FF5-4878-9E9E-6A6D6EDD4ADC}.Release|Any CPU.Build.0 = Release|Any CPU
	EndGlobalSection
	GlobalSection(SolutionProperties) = preSolution
		HideSolutionNode = FALSE
	EndGlobalSection
	GlobalSection(ExtensibilityGlobals) = postSolution
		SolutionGuid = {CA68C238-E666-4843-9255-448C9C42B29A}
	EndGlobalSection
EndGlobal
